<?xml version="1.0" encoding="utf-8"?>
<Project ToolsVersion="4.0" xmlns="http://schemas.microsoft.com/developer/msbuild/2003">
  <ItemGroup>
    <Filter Include="Source Files">
      <UniqueIdentifier>{4FC737F1-C7A5-4376-A066-2A32D752A2FF}</UniqueIdentifier>
      <Extensions>cpp;c;cc;cxx;c++;cppm;ixx;def;odl;idl;hpj;bat;asm;asmx</Extensions>
    </Filter>
    <Filter Include="Resource Files">
      <UniqueIdentifier>{67DA6AB6-F800-4c08-8B7A-83BB121AAD01}</UniqueIdentifier>
      <Extensions>rc;ico;cur;bmp;dlg;rc2;rct;bin;rgs;gif;jpg;jpeg;jpe;resx;tiff;tif;png;wav;mfcribbon-ms</Extensions>
    </Filter>
    <Filter Include="ImGui">
      <UniqueIdentifier>{263d828b-95c0-4af4-ab1d-85cc41ac8d9e}</UniqueIdentifier>
    </Filter>
    <Filter Include="Header Files">
      <UniqueIdentifier>{93995380-89BD-4b04-88EB-625FBE52EBFB}</UniqueIdentifier>
      <Extensions>h;hh;hpp;hxx;h++;hm;inl;inc;ipp;xsd</Extensions>
    </Filter>
  </ItemGroup>
  <ItemGroup>
    <ClCompile Include="main.cpp">
      <Filter>Source Files</Filter>
    </ClCompile>
    <ClCompile Include="ShaderLoader.cpp">
      <Filter>Source Files</Filter>
    </ClCompile>
    <ClCompile Include="InputManager.cpp">
      <Filter>Source Files</Filter>
    </ClCompile>
    <ClCompile Include="Texture.cpp">
      <Filter>Source Files</Filter>
    </ClCompile>
    <ClCompile Include="Skybox.cpp">
      <Filter>Source Files</Filter>
    </ClCompile>
    <ClCompile Include="SampleScene.cpp">
      <Filter>Source Files</Filter>
    </ClCompile>
    <ClCompile Include="FrameBuffer.cpp">
      <Filter>Source Files</Filter>
    </ClCompile>
    <ClCompile Include="ShadowMap.cpp">
      <Filter>Source Files</Filter>
    </ClCompile>
    <ClCompile Include="GeometryBuffer.cpp">
      <Filter>Source Files</Filter>
    </ClCompile>
    <ClCompile Include="ParticleSystem.cpp">
      <Filter>Source Files</Filter>
    </ClCompile>
    <ClCompile Include="Scene.cpp">
      <Filter>Source Files</Filter>
    </ClCompile>
    <ClCompile Include="Debug.cpp">
      <Filter>Source Files</Filter>
    </ClCompile>
    <ClCompile Include="BoxCollider.cpp">
      <Filter>Source Files</Filter>
    </ClCompile>
    <ClCompile Include="InspectorSlotRegistry.cpp">
      <Filter>Source Files</Filter>
    </ClCompile>
    <ClCompile Include="LightSystem.cpp">
      <Filter>Source Files</Filter>
    </ClCompile>
    <ClCompile Include="PhysicsEngine.cpp">
      <Filter>Source Files</Filter>
    </ClCompile>
    <ClCompile Include="Rigidbody.cpp">
      <Filter>Source Files</Filter>
    </ClCompile>
    <ClCompile Include="..\Dependencies\IMGUI\imgui.cpp">
      <Filter>ImGui</Filter>
    </ClCompile>
    <ClCompile Include="..\Dependencies\IMGUI\imgui_demo.cpp">
      <Filter>ImGui</Filter>
    </ClCompile>
    <ClCompile Include="..\Dependencies\IMGUI\imgui_draw.cpp">
      <Filter>ImGui</Filter>
    </ClCompile>
    <ClCompile Include="..\Dependencies\IMGUI\imgui_impl_glfw.cpp">
      <Filter>ImGui</Filter>
    </ClCompile>
    <ClCompile Include="..\Dependencies\IMGUI\imgui_impl_opengl3.cpp">
      <Filter>ImGui</Filter>
    </ClCompile>
    <ClCompile Include="..\Dependencies\IMGUI\imgui_tables.cpp">
      <Filter>ImGui</Filter>
    </ClCompile>
    <ClCompile Include="..\Dependencies\IMGUI\imgui_widgets.cpp">
      <Filter>ImGui</Filter>
    </ClCompile>
    <ClCompile Include="..\Dependencies\IMGUIZMO\GraphEditor.cpp">
      <Filter>ImGui</Filter>
    </ClCompile>
    <ClCompile Include="..\Dependencies\IMGUIZMO\ImCurveEdit.cpp">
      <Filter>ImGui</Filter>
    </ClCompile>
    <ClCompile Include="..\Dependencies\IMGUIZMO\ImGradient.cpp">
      <Filter>ImGui</Filter>
    </ClCompile>
    <ClCompile Include="..\Dependencies\IMGUIZMO\ImGuizmo.cpp">
      <Filter>ImGui</Filter>
    </ClCompile>
    <ClCompile Include="..\Dependencies\IMGUIZMO\ImSequencer.cpp">
      <Filter>ImGui</Filter>
    </ClCompile>
    <ClCompile Include="MeshModel.cpp">
      <Filter>Source Files</Filter>
    </ClCompile>
    <ClCompile Include="AssetManager.cpp">
      <Filter>Source Files</Filter>
    </ClCompile>
    <ClCompile Include="Camera.cpp">
      <Filter>Source Files</Filter>
    </ClCompile>
    <ClCompile Include="CameraMovement.cpp">
      <Filter>Source Files</Filter>
    </ClCompile>
    <ClCompile Include="ComponentFactory.cpp">
      <Filter>Source Files</Filter>
    </ClCompile>
    <ClCompile Include="GameObject.cpp">
      <Filter>Source Files</Filter>
    </ClCompile>
    <ClCompile Include="MeshRenderer.cpp">
      <Filter>Source Files</Filter>
    </ClCompile>
    <ClCompile Include="PrefabSystem.cpp">
      <Filter>Source Files</Filter>
    </ClCompile>
    <ClCompile Include="UIHelpers.cpp">
      <Filter>Source Files</Filter>
    </ClCompile>
  </ItemGroup>
  <ItemGroup>
    <None Include="Resources\Shaders\Texture.vert">
      <Filter>Resource Files</Filter>
    </None>
    <None Include="Resources\Shaders\Texture.frag">
      <Filter>Resource Files</Filter>
    </None>
    <None Include="Resources\Shaders\InstanceTexture.vert">
      <Filter>Resource Files</Filter>
    </None>
    <None Include="Resources\Shaders\InstanceTexture.frag">
      <Filter>Resource Files</Filter>
    </None>
    <None Include="Resources\Shaders\Skybox.frag">
      <Filter>Resource Files</Filter>
    </None>
    <None Include="Resources\Shaders\Skybox.vert">
      <Filter>Resource Files</Filter>
    </None>
    <None Include="Resources\Shaders\Terrain.frag">
      <Filter>Resource Files</Filter>
    </None>
    <None Include="Resources\Shaders\Terrain.vert">
      <Filter>Resource Files</Filter>
    </None>
    <None Include="Resources\Shaders\ShadowMappingInstance.vert">
      <Filter>Resource Files</Filter>
    </None>
    <None Include="Resources\Shaders\GeometryPass.frag">
      <Filter>Resource Files</Filter>
    </None>
    <None Include="Resources\Shaders\GeometryPass.vert">
      <Filter>Resource Files</Filter>
    </None>
    <None Include="Resources\Shaders\MainRendering.frag">
      <Filter>Resource Files</Filter>
    </None>
    <None Include="Resources\Shaders\MainRendering.vert">
      <Filter>Resource Files</Filter>
    </None>
    <None Include="Resources\Shaders\ShadowMapping.frag">
      <Filter>Resource Files</Filter>
    </None>
    <None Include="Resources\Shaders\ShadowMapping.vert">
      <Filter>Resource Files</Filter>
    </None>
    <None Include="Resources\Shaders\LightingPass.frag">
      <Filter>Resource Files</Filter>
    </None>
    <None Include="Resources\Shaders\LightSource.frag">
      <Filter>Resource Files</Filter>
    </None>
    <None Include="Resources\Shaders\LightingPass.vert">
      <Filter>Resource Files</Filter>
    </None>
    <None Include="Resources\Shaders\LightSource.vert">
      <Filter>Resource Files</Filter>
    </None>
    <None Include="Resources\Shaders\Quad.vert">
      <Filter>Resource Files</Filter>
    </None>
    <None Include="Resources\Shaders\ComputeParticles.comp">
      <Filter>Resource Files</Filter>
    </None>
    <None Include="Resources\Shaders\Particle.frag">
      <Filter>Resource Files</Filter>
    </None>
    <None Include="Resources\Shaders\Particle.vert">
      <Filter>Resource Files</Filter>
    </None>
  </ItemGroup>
  <ItemGroup>
    <ClInclude Include="ShaderLoader.h">
      <Filter>Header Files</Filter>
    </ClInclude>
    <ClInclude Include="VertexStandard.h">
      <Filter>Header Files</Filter>
    </ClInclude>
    <ClInclude Include="InputManager.h">
      <Filter>Header Files</Filter>
    </ClInclude>
    <ClInclude Include="Skybox.h">
      <Filter>Header Files</Filter>
    </ClInclude>
    <ClInclude Include="Scene.h">
      <Filter>Header Files</Filter>
    </ClInclude>
    <ClInclude Include="SampleScene.h">
      <Filter>Header Files</Filter>
    </ClInclude>
    <ClInclude Include="FrameBuffer.h">
      <Filter>Header Files</Filter>
    </ClInclude>
    <ClInclude Include="ShadowMap.h">
      <Filter>Header Files</Filter>
    </ClInclude>
    <ClInclude Include="GeometryBuffer.h">
      <Filter>Header Files</Filter>
    </ClInclude>
    <ClInclude Include="ParticleSystem.h">
      <Filter>Header Files</Filter>
    </ClInclude>
    <ClInclude Include="All.h">
      <Filter>Header Files</Filter>
    </ClInclude>
    <ClInclude Include="Texture.h">
      <Filter>Header Files</Filter>
    </ClInclude>
    <ClInclude Include="Debug.h">
      <Filter>Header Files</Filter>
    </ClInclude>
    <ClInclude Include="BoxCollider.h">
      <Filter>Header Files</Filter>
    </ClInclude>
    <ClInclude Include="InspectorSlotRegistry.h">
      <Filter>Header Files</Filter>
    </ClInclude>
    <ClInclude Include="LightSystem.h">
      <Filter>Header Files</Filter>
    </ClInclude>
    <ClInclude Include="PhysicsEngine.h">
      <Filter>Header Files</Filter>
    </ClInclude>
    <ClInclude Include="Rigidbody.h">
      <Filter>Header Files</Filter>
    </ClInclude>
    <ClInclude Include="EnginePluginAPI.h">
      <Filter>Header Files</Filter>
    </ClInclude>
    <ClInclude Include="..\Dependencies\IMGUI\imconfig.h">
      <Filter>ImGui</Filter>
    </ClInclude>
    <ClInclude Include="..\Dependencies\IMGUI\imgui.h">
      <Filter>ImGui</Filter>
    </ClInclude>
    <ClInclude Include="..\Dependencies\IMGUI\imgui_impl_glfw.h">
      <Filter>ImGui</Filter>
    </ClInclude>
    <ClInclude Include="..\Dependencies\IMGUI\imgui_impl_opengl3.h">
      <Filter>ImGui</Filter>
    </ClInclude>
    <ClInclude Include="..\Dependencies\IMGUI\imgui_impl_opengl3_loader.h">
      <Filter>ImGui</Filter>
    </ClInclude>
    <ClInclude Include="..\Dependencies\IMGUI\imgui_internal.h">
      <Filter>ImGui</Filter>
    </ClInclude>
    <ClInclude Include="..\Dependencies\IMGUI\imstb_rectpack.h">
      <Filter>ImGui</Filter>
    </ClInclude>
    <ClInclude Include="..\Dependencies\IMGUI\imstb_textedit.h">
      <Filter>ImGui</Filter>
    </ClInclude>
    <ClInclude Include="..\Dependencies\IMGUI\imstb_truetype.h">
      <Filter>ImGui</Filter>
    </ClInclude>
    <ClInclude Include="..\Dependencies\IMGUIZO\ImZoomSlider.h">
      <Filter>ImGui</Filter>
    </ClInclude>
    <ClInclude Include="..\Dependencies\IMGUIZMO\GraphEditor.h">
      <Filter>ImGui</Filter>
    </ClInclude>
    <ClInclude Include="..\Dependencies\IMGUIZMO\ImCurveEdit.h">
      <Filter>ImGui</Filter>
    </ClInclude>
    <ClInclude Include="..\Dependencies\IMGUIZMO\ImGradient.h">
      <Filter>ImGui</Filter>
    </ClInclude>
    <ClInclude Include="..\Dependencies\IMGUIZMO\ImGuizmo.h">
      <Filter>ImGui</Filter>
    </ClInclude>
    <ClInclude Include="..\Dependencies\IMGUIZMO\ImSequencer.h">
      <Filter>ImGui</Filter>
    </ClInclude>
    <ClInclude Include="..\Dependencies\IMGUIZMO\ImZoomSlider.h">
      <Filter>ImGui</Filter>
    </ClInclude>
    <ClInclude Include="AssetManager.h">
      <Filter>Header Files</Filter>
    </ClInclude>
    <ClInclude Include="Light.h">
      <Filter>Header Files</Filter>
    </ClInclude>
    <ClInclude Include="UIHelpers.h">
      <Filter>Header Files</Filter>
    </ClInclude>
    <ClInclude Include="PrefabSystem.h">
      <Filter>Header Files</Filter>
    </ClInclude>
    <ClInclude Include="MeshRenderer.h">
      <Filter>Header Files</Filter>
    </ClInclude>
    <ClInclude Include="MeshModel.h">
      <Filter>Header Files</Filter>
    </ClInclude>
    <ClInclude Include="GameObject.h">
      <Filter>Header Files</Filter>
    </ClInclude>
    <ClInclude Include="IInspectable.h">
      <Filter>Header Files</Filter>
    </ClInclude>
    <ClInclude Include="ComponentFactory.h">
      <Filter>Header Files</Filter>
    </ClInclude>
    <ClInclude Include="Component.h">
      <Filter>Header Files</Filter>
    </ClInclude>
    <ClInclude Include="CameraMovement.h">
      <Filter>Header Files</Filter>
    </ClInclude>
    <ClInclude Include="Camera.h">
      <Filter>Header Files</Filter>
    </ClInclude>
  </ItemGroup>
</Project>